github.com/dolmen-go/kittyimg v0.0.0-20220904140504-22f6493b700f h1:kei70IBuJLGrL+Ah46gX2jp2c+QWErJRa50TVO/j8Ig=
github.com/dolmen-go/kittyimg v0.0.0-20220904140504-22f6493b700f/go.mod h1:Bx/aNirksPWCgrgQ23kkHBXJLNIypTl9uLzmcKMrKnY=
github.com/golang-jwt/jwt/v4 v4.4.2 h1:rcc4lwaZgFMCZ5jxF9ABolDcIHdBytAFgqFPbSJQAYs=
github.com/golang-jwt/jwt/v4 v4.4.2/go.mod h1:m21LjoU+eqJr34lmDMbreY2eSTRJ1cv77w39/MY0Ch0=
github.com/nicklaw5/helix/v2 v2.7.0 h1:ipDs8tGm/tMdPNKEkzt4IOtvpcshW+c1dis9o0uQwLU=
github.com/nicklaw5/helix/v2 v2.7.0/go.mod h1:0ONzvVi1cH+k3a7EDIFNNqxfW0podhf+CqlmFvuexq8=
golang.org/x/sys v0.0.0-20210615035016-665e8c7367d1/go.mod h1:oPkhp1MJrh7nUepCBck5+mAzfO9JrbApNNgaTdGDITg=
golang.org/x/term v0.0.0-20220722155259-a9ba230a4035/go.mod h1:jbD1KX2456YbFQfuXm/mYQcufACuNUgVhRMnK/tPxf8=
